
Microsoft Visual Studio Solution File, Format Version 12.00
# Visual Studio Version 16
VisualStudioVersion = 16.0.30523.141
MinimumVisualStudioVersion = 10.0.40219.1
Project("{9A19103F-16F7-4668-BE54-9A1E7A4F7556}") = "COMCMS.Web", "COMCMS.Web\COMCMS.Web.csproj", "{BEE79494-B5B8-49D0-8040-818AE601C800}"
EndProject
Project("{9A19103F-16F7-4668-BE54-9A1E7A4F7556}") = "COMCMS.Core", "COMCMS.Core\COMCMS.Core.csproj", "{280AD487-F41E-42F7-95E7-187164485AD4}"
EndProject
Project("{9A19103F-16F7-4668-BE54-9A1E7A4F7556}") = "COMCMS.Common", "COMCMS.Common\COMCMS.Common.csproj", "{B282EB59-2330-4834-8F0A-6369F5A0288B}"
EndProject
Project("{FAE04EC0-301F-11D3-BF4B-00C04F79EFBC}") = "XCoder(代码生成器)", "XCoder\XCoder(代码生成器).csproj", "{71539325-194B-4D56-8D88-562B33004406}"
EndProject
Project("{9A19103F-16F7-4668-BE54-9A1E7A4F7556}") = "COMCMS.API", "COMCMS.API\COMCMS.API.csproj", "{ED1581D0-7E94-4ADC-B2B4-0A523EA3B512}"
EndProject
Project("{9A19103F-16F7-4668-BE54-9A1E7A4F7556}") = "Lib.Core", "Lib.Core\Lib.Core.csproj", "{D95FC3C1-B035-4A19-A706-71C31DD1E52D}"
EndProject
Project("{9A19103F-16F7-4668-BE54-9A1E7A4F7556}") = "NewLife.UserGroup.WebUploader", "NewLife.UserGroup.WebUploader\NewLife.UserGroup.WebUploader.csproj", "{F8D6AE11-1436-44CA-BDD9-4AFD7B489DD0}"
EndProject
Global
	GlobalSection(SolutionConfigurationPlatforms) = preSolution
		Debug|Any CPU = Debug|Any CPU
		Release|Any CPU = Release|Any CPU
	EndGlobalSection
	GlobalSection(ProjectConfigurationPlatforms) = postSolution
		{BEE79494-B5B8-49D0-8040-818AE601C800}.Debug|Any CPU.ActiveCfg = Debug|Any CPU
		{BEE79494-B5B8-49D0-8040-818AE601C800}.Debug|Any CPU.Build.0 = Debug|Any CPU
		{BEE79494-B5B8-49D0-8040-818AE601C800}.Release|Any CPU.ActiveCfg = Release|Any CPU
		{BEE79494-B5B8-49D0-8040-818AE601C800}.Release|Any CPU.Build.0 = Release|Any CPU
		{280AD487-F41E-42F7-95E7-187164485AD4}.Debug|Any CPU.ActiveCfg = Debug|Any CPU
		{280AD487-F41E-42F7-95E7-187164485AD4}.Debug|Any CPU.Build.0 = Debug|Any CPU
		{280AD487-F41E-42F7-95E7-187164485AD4}.Release|Any CPU.ActiveCfg = Release|Any CPU
		{280AD487-F41E-42F7-95E7-187164485AD4}.Release|Any CPU.Build.0 = Release|Any CPU
		{B282EB59-2330-4834-8F0A-6369F5A0288B}.Debug|Any CPU.ActiveCfg = Debug|Any CPU
		{B282EB59-2330-4834-8F0A-6369F5A0288B}.Debug|Any CPU.Build.0 = Debug|Any CPU
		{B282EB59-2330-4834-8F0A-6369F5A0288B}.Release|Any CPU.ActiveCfg = Release|Any CPU
		{B282EB59-2330-4834-8F0A-6369F5A0288B}.Release|Any CPU.Build.0 = Release|Any CPU
		{71539325-194B-4D56-8D88-562B33004406}.Debug|Any CPU.ActiveCfg = Debug|Any CPU
		{71539325-194B-4D56-8D88-562B33004406}.Debug|Any CPU.Build.0 = Debug|Any CPU
		{71539325-194B-4D56-8D88-562B33004406}.Release|Any CPU.ActiveCfg = Release|Any CPU
		{71539325-194B-4D56-8D88-562B33004406}.Release|Any CPU.Build.0 = Release|Any CPU
		{ED1581D0-7E94-4ADC-B2B4-0A523EA3B512}.Debug|Any CPU.ActiveCfg = Debug|Any CPU
		{ED1581D0-7E94-4ADC-B2B4-0A523EA3B512}.Debug|Any CPU.Build.0 = Debug|Any CPU
		{ED1581D0-7E94-4ADC-B2B4-0A523EA3B512}.Release|Any CPU.ActiveCfg = Release|Any CPU
		{ED1581D0-7E94-4ADC-B2B4-0A523EA3B512}.Release|Any CPU.Build.0 = Release|Any CPU
		{D95FC3C1-B035-4A19-A706-71C31DD1E52D}.Debug|Any CPU.ActiveCfg = Debug|Any CPU
		{D95FC3C1-B035-4A19-A706-71C31DD1E52D}.Debug|Any CPU.Build.0 = Debug|Any CPU
		{D95FC3C1-B035-4A19-A706-71C31DD1E52D}.Release|Any CPU.ActiveCfg = Release|Any CPU
		{D95FC3C1-B035-4A19-A706-71C31DD1E52D}.Release|Any CPU.Build.0 = Release|Any CPU
		{F8D6AE11-1436-44CA-BDD9-4AFD7B489DD0}.Debug|Any CPU.ActiveCfg = Debug|Any CPU
		{F8D6AE11-1436-44CA-BDD9-4AFD7B489DD0}.Debug|Any CPU.Build.0 = Debug|Any CPU
		{F8D6AE11-1436-44CA-BDD9-4AFD7B489DD0}.Release|Any CPU.ActiveCfg = Release|Any CPU
		{F8D6AE11-1436-44CA-BDD9-4AFD7B489DD0}.Release|Any CPU.Build.0 = Release|Any CPU
	EndGlobalSection
	GlobalSection(SolutionProperties) = preSolution
		HideSolutionNode = FALSE
	EndGlobalSection
	GlobalSection(ExtensibilityGlobals) = postSolution
		SolutionGuid = {F2CD7141-1B22-47D9-B70E-BD70D0C417D2}
	EndGlobalSection
EndGlobal
